
Microsoft Visual Studio Solution File, Format Version 12.00
# Visual Studio Version 16
VisualStudioVersion = 16.0.30907.101
MinimumVisualStudioVersion = 10.0.40219.1
Project("{FAE04EC0-301F-11D3-BF4B-00C04F79EFBC}") = "AesGcmCore", "AesGcmCore.csproj", "{080444A6-A317-4795-B096-F385E3157E7D}"
EndProject
Global
	GlobalSection(SolutionConfigurationPlatforms) = preSolution
		Debug|Any CPU = Debug|Any CPU
		Release|Any CPU = Release|Any CPU
	EndGlobalSection
	GlobalSection(ProjectConfigurationPlatforms) = postSolution
		{080444A6-A317-4795-B096-F385E3157E7D}.Debug|Any CPU.ActiveCfg = Debug|Any CPU
		{080444A6-A317-4795-B096-F385E3157E7D}.Debug|Any CPU.Build.0 = Debug|Any CPU
		{080444A6-A317-4795-B096-F385E3157E7D}.Release|Any CPU.ActiveCfg = Release|Any CPU
		{080444A6-A317-4795-B096-F385E3157E7D}.Release|Any CPU.Build.0 = Release|Any CPU
	EndGlobalSection
	GlobalSection(SolutionProperties) = preSolution
		HideSolutionNode = FALSE
	EndGlobalSection
	GlobalSection(ExtensibilityGlobals) = postSolution
		SolutionGuid = {243D18FF-4C5A-42FF-B9B4-88C96461AB29}
	EndGlobalSection
EndGlobal
