
Microsoft Visual Studio Solution File, Format Version 12.00
# Visual Studio 15
VisualStudioVersion = 15.0.27130.2027
MinimumVisualStudioVersion = 10.0.40219.1
Project("{9A19103F-16F7-4668-BE54-9A1E7A4F7556}") = "Saml1Tokens", "Samples\Saml1Tokens\Saml1Tokens.csproj", "{98474463-374E-4C5F-B554-0E9E72A572B7}"
EndProject
Project("{9A19103F-16F7-4668-BE54-9A1E7A4F7556}") = "SupportIssues", "SupportIssues\SupportIssues.csproj", "{A3624F91-CB63-44D4-9ED9-2A6CD578A00F}"
EndProject
Project("{9A19103F-16F7-4668-BE54-9A1E7A4F7556}") = "KeyVaultExtensions", "Samples\KeyVaultExtensions\KeyVaultExtensions.csproj", "{3D8C00C0-27DC-4F30-8F5B-84F34FDCAE3B}"
EndProject
Project("{9A19103F-16F7-4668-BE54-9A1E7A4F7556}") = "SignSamlTokenUsingKeyVault", "Samples\SignSamlTokenUsingKeyVault\SignSamlTokenUsingKeyVault.csproj", "{6439F9E9-BF88-40B3-B3D0-D2BB3EF2BAE0}"
EndProject
Project("{9A19103F-16F7-4668-BE54-9A1E7A4F7556}") = "CachingCryptoProvider", "Samples\CachingCryptoProvider\CachingCryptoProvider.csproj", "{4A1A8524-2AF8-4596-AF98-5CD4B8D7725C}"
EndProject
Project("{9A19103F-16F7-4668-BE54-9A1E7A4F7556}") = "SignAndVerifyJwtUsingCachedProviders", "Samples\SignAndVerifyJwtUsingCachedProviders\SignAndVerifyJwtUsingCachedProviders.csproj", "{7F7652E2-EA5E-494D-8204-56A6B42FAA2D}"
EndProject
Project("{9A19103F-16F7-4668-BE54-9A1E7A4F7556}") = "Utilities", "Samples\Utilities\Utilities.csproj", "{AB30444D-AFEA-47AC-A242-895C1D6698DC}"
EndProject
Project("{9A19103F-16F7-4668-BE54-9A1E7A4F7556}") = "ValidateJwtToken", "ValidateJwtToken\ValidateJwtToken.csproj", "{D17168AE-FA35-41AB-A4C4-77E6B1724E58}"
EndProject
Project("{FAE04EC0-301F-11D3-BF4B-00C04F79EFBC}") = "ValidateJwt461", "ValidateJwt461\ValidateJwt461.csproj", "{736A6BBB-D512-4CB1-99D2-2936153F860A}"
EndProject
Global
	GlobalSection(SolutionConfigurationPlatforms) = preSolution
		Debug|Any CPU = Debug|Any CPU
		Release|Any CPU = Release|Any CPU
	EndGlobalSection
	GlobalSection(ProjectConfigurationPlatforms) = postSolution
		{98474463-374E-4C5F-B554-0E9E72A572B7}.Debug|Any CPU.ActiveCfg = Debug|Any CPU
		{98474463-374E-4C5F-B554-0E9E72A572B7}.Debug|Any CPU.Build.0 = Debug|Any CPU
		{98474463-374E-4C5F-B554-0E9E72A572B7}.Release|Any CPU.ActiveCfg = Release|Any CPU
		{98474463-374E-4C5F-B554-0E9E72A572B7}.Release|Any CPU.Build.0 = Release|Any CPU
		{A3624F91-CB63-44D4-9ED9-2A6CD578A00F}.Debug|Any CPU.ActiveCfg = Debug|Any CPU
		{A3624F91-CB63-44D4-9ED9-2A6CD578A00F}.Debug|Any CPU.Build.0 = Debug|Any CPU
		{A3624F91-CB63-44D4-9ED9-2A6CD578A00F}.Release|Any CPU.ActiveCfg = Release|Any CPU
		{A3624F91-CB63-44D4-9ED9-2A6CD578A00F}.Release|Any CPU.Build.0 = Release|Any CPU
		{3D8C00C0-27DC-4F30-8F5B-84F34FDCAE3B}.Debug|Any CPU.ActiveCfg = Debug|Any CPU
		{3D8C00C0-27DC-4F30-8F5B-84F34FDCAE3B}.Debug|Any CPU.Build.0 = Debug|Any CPU
		{3D8C00C0-27DC-4F30-8F5B-84F34FDCAE3B}.Release|Any CPU.ActiveCfg = Release|Any CPU
		{3D8C00C0-27DC-4F30-8F5B-84F34FDCAE3B}.Release|Any CPU.Build.0 = Release|Any CPU
		{6439F9E9-BF88-40B3-B3D0-D2BB3EF2BAE0}.Debug|Any CPU.ActiveCfg = Debug|Any CPU
		{6439F9E9-BF88-40B3-B3D0-D2BB3EF2BAE0}.Debug|Any CPU.Build.0 = Debug|Any CPU
		{6439F9E9-BF88-40B3-B3D0-D2BB3EF2BAE0}.Release|Any CPU.ActiveCfg = Release|Any CPU
		{6439F9E9-BF88-40B3-B3D0-D2BB3EF2BAE0}.Release|Any CPU.Build.0 = Release|Any CPU
		{4A1A8524-2AF8-4596-AF98-5CD4B8D7725C}.Debug|Any CPU.ActiveCfg = Debug|Any CPU
		{4A1A8524-2AF8-4596-AF98-5CD4B8D7725C}.Debug|Any CPU.Build.0 = Debug|Any CPU
		{4A1A8524-2AF8-4596-AF98-5CD4B8D7725C}.Release|Any CPU.ActiveCfg = Release|Any CPU
		{4A1A8524-2AF8-4596-AF98-5CD4B8D7725C}.Release|Any CPU.Build.0 = Release|Any CPU
		{7F7652E2-EA5E-494D-8204-56A6B42FAA2D}.Debug|Any CPU.ActiveCfg = Debug|Any CPU
		{7F7652E2-EA5E-494D-8204-56A6B42FAA2D}.Debug|Any CPU.Build.0 = Debug|Any CPU
		{7F7652E2-EA5E-494D-8204-56A6B42FAA2D}.Release|Any CPU.ActiveCfg = Release|Any CPU
		{7F7652E2-EA5E-494D-8204-56A6B42FAA2D}.Release|Any CPU.Build.0 = Release|Any CPU
		{AB30444D-AFEA-47AC-A242-895C1D6698DC}.Debug|Any CPU.ActiveCfg = Debug|Any CPU
		{AB30444D-AFEA-47AC-A242-895C1D6698DC}.Debug|Any CPU.Build.0 = Debug|Any CPU
		{AB30444D-AFEA-47AC-A242-895C1D6698DC}.Release|Any CPU.ActiveCfg = Release|Any CPU
		{AB30444D-AFEA-47AC-A242-895C1D6698DC}.Release|Any CPU.Build.0 = Release|Any CPU
		{D17168AE-FA35-41AB-A4C4-77E6B1724E58}.Debug|Any CPU.ActiveCfg = Debug|Any CPU
		{D17168AE-FA35-41AB-A4C4-77E6B1724E58}.Debug|Any CPU.Build.0 = Debug|Any CPU
		{D17168AE-FA35-41AB-A4C4-77E6B1724E58}.Release|Any CPU.ActiveCfg = Release|Any CPU
		{D17168AE-FA35-41AB-A4C4-77E6B1724E58}.Release|Any CPU.Build.0 = Release|Any CPU
		{736A6BBB-D512-4CB1-99D2-2936153F860A}.Debug|Any CPU.ActiveCfg = Debug|Any CPU
		{736A6BBB-D512-4CB1-99D2-2936153F860A}.Debug|Any CPU.Build.0 = Debug|Any CPU
		{736A6BBB-D512-4CB1-99D2-2936153F860A}.Release|Any CPU.ActiveCfg = Release|Any CPU
		{736A6BBB-D512-4CB1-99D2-2936153F860A}.Release|Any CPU.Build.0 = Release|Any CPU
	EndGlobalSection
	GlobalSection(SolutionProperties) = preSolution
		HideSolutionNode = FALSE
	EndGlobalSection
	GlobalSection(ExtensibilityGlobals) = postSolution
		SolutionGuid = {7700535A-A1FD-425E-8955-D9BA2DC60FCC}
	EndGlobalSection
EndGlobal
