
Microsoft Visual Studio Solution File, Format Version 12.00
# Visual Studio Version 16
VisualStudioVersion = 16.0.30907.101
MinimumVisualStudioVersion = 10.0.40219.1
Project("{FAE04EC0-301F-11D3-BF4B-00C04F79EFBC}") = "AesGcm472", "AesGcm472.csproj", "{C7DB17B4-FA34-4448-8AF6-31FA29BA27E7}"
EndProject
Global
	GlobalSection(SolutionConfigurationPlatforms) = preSolution
		Debug|Any CPU = Debug|Any CPU
		Release|Any CPU = Release|Any CPU
	EndGlobalSection
	GlobalSection(ProjectConfigurationPlatforms) = postSolution
		{C7DB17B4-FA34-4448-8AF6-31FA29BA27E7}.Debug|Any CPU.ActiveCfg = Debug|Any CPU
		{C7DB17B4-FA34-4448-8AF6-31FA29BA27E7}.Debug|Any CPU.Build.0 = Debug|Any CPU
		{C7DB17B4-FA34-4448-8AF6-31FA29BA27E7}.Release|Any CPU.ActiveCfg = Release|Any CPU
		{C7DB17B4-FA34-4448-8AF6-31FA29BA27E7}.Release|Any CPU.Build.0 = Release|Any CPU
	EndGlobalSection
	GlobalSection(SolutionProperties) = preSolution
		HideSolutionNode = FALSE
	EndGlobalSection
	GlobalSection(ExtensibilityGlobals) = postSolution
		SolutionGuid = {070CDA03-2EEE-4E92-B4EA-32334520A482}
	EndGlobalSection
EndGlobal
